
Microsoft Visual Studio Solution File, Format Version 12.00
# Visual Studio Version 18
VisualStudioVersion = 18.2.11415.280 d18.0
MinimumVisualStudioVersion = 10.0.40219.1
Project("{FAE04EC0-301F-11D3-BF4B-00C04F79EFBC}") = "SportDiary", "SportDiary.csproj", "{B8F7962B-6F76-B3DF-5FA5-D1D57DC6A247}"
EndProject
Global
	GlobalSection(SolutionConfigurationPlatforms) = preSolution
		Debug|Any CPU = Debug|Any CPU
		Release|Any CPU = Release|Any CPU
	EndGlobalSection
	GlobalSection(ProjectConfigurationPlatforms) = postSolution
		{B8F7962B-6F76-B3DF-5FA5-D1D57DC6A247}.Debug|Any CPU.ActiveCfg = Debug|Any CPU
		{B8F7962B-6F76-B3DF-5FA5-D1D57DC6A247}.Debug|Any CPU.Build.0 = Debug|Any CPU
		{B8F7962B-6F76-B3DF-5FA5-D1D57DC6A247}.Release|Any CPU.ActiveCfg = Release|Any CPU
		{B8F7962B-6F76-B3DF-5FA5-D1D57DC6A247}.Release|Any CPU.Build.0 = Release|Any CPU
	EndGlobalSection
	GlobalSection(SolutionProperties) = preSolution
		HideSolutionNode = FALSE
	EndGlobalSection
	GlobalSection(ExtensibilityGlobals) = postSolution
		SolutionGuid = {27197F38-68B5-4F47-BA27-BE3ED5985B1F}
	EndGlobalSection
EndGlobal
