
Microsoft Visual Studio Solution File, Format Version 12.00
# Visual Studio Version 18
VisualStudioVersion = 18.2.11415.280
MinimumVisualStudioVersion = 10.0.40219.1
Project("{FAE04EC0-301F-11D3-BF4B-00C04F79EFBC}") = "SportDiary", "SportDiary.csproj", "{B8F7962B-6F76-B3DF-5FA5-D1D57DC6A247}"
EndProject
Project("{2150E333-8FDC-42A3-9474-1A3956D46DE8}") = "Web", "Web", "{8EA98267-E25E-44BA-8ADB-32A4B7A44850}"
EndProject
Project("{FAE04EC0-301F-11D3-BF4B-00C04F79EFBC}") = "SportDiary.ViewModels", "..\SportDiary.ViewModels\SportDiary.ViewModels.csproj", "{A37036A9-E7C3-4307-A12F-8C48D570D7EE}"
EndProject
Project("{FAE04EC0-301F-11D3-BF4B-00C04F79EFBC}") = "SportDiary.GCommon", "..\SportDiary.GCommon\SportDiary.GCommon.csproj", "{860CC30C-6483-40C9-8A8D-0F498743E334}"
EndProject
Project("{2150E333-8FDC-42A3-9474-1A3956D46DE8}") = "Data", "Data", "{39994B44-8121-4220-B760-166507BE3354}"
EndProject
Project("{FAE04EC0-301F-11D3-BF4B-00C04F79EFBC}") = "SportDiary.Data.Models", "..\SportDiary.Data.Models\SportDiary.Data.Models.csproj", "{9FDD3027-32B8-4709-9139-F9FDEB937390}"
EndProject
Project("{FAE04EC0-301F-11D3-BF4B-00C04F79EFBC}") = "SportDiary.Data", "..\SportDiary.Data\SportDiary.Data.csproj", "{55237413-B161-480F-AF24-5F9D6D8C11C7}"
EndProject
Project("{2150E333-8FDC-42A3-9474-1A3956D46DE8}") = "Services", "Services", "{F86E9521-226A-4C7B-811D-155A8AF5B042}"
EndProject
Project("{FAE04EC0-301F-11D3-BF4B-00C04F79EFBC}") = "SportDiary.Services.Core", "..\SportDiary.Services.Core\SportDiary.Services.Core.csproj", "{27679675-FAB2-41DC-813E-1D0D0A350848}"
EndProject
Project("{FAE04EC0-301F-11D3-BF4B-00C04F79EFBC}") = "SportDiary.Services", "..\SportDiary.Services\SportDiary.Services.csproj", "{40952DCF-FB7E-4A4F-BF7C-A73E5DCF4136}"
EndProject
Global
	GlobalSection(SolutionConfigurationPlatforms) = preSolution
		Debug|Any CPU = Debug|Any CPU
		Release|Any CPU = Release|Any CPU
	EndGlobalSection
	GlobalSection(ProjectConfigurationPlatforms) = postSolution
		{B8F7962B-6F76-B3DF-5FA5-D1D57DC6A247}.Debug|Any CPU.ActiveCfg = Debug|Any CPU
		{B8F7962B-6F76-B3DF-5FA5-D1D57DC6A247}.Debug|Any CPU.Build.0 = Debug|Any CPU
		{B8F7962B-6F76-B3DF-5FA5-D1D57DC6A247}.Release|Any CPU.ActiveCfg = Release|Any CPU
		{B8F7962B-6F76-B3DF-5FA5-D1D57DC6A247}.Release|Any CPU.Build.0 = Release|Any CPU
		{A37036A9-E7C3-4307-A12F-8C48D570D7EE}.Debug|Any CPU.ActiveCfg = Debug|Any CPU
		{A37036A9-E7C3-4307-A12F-8C48D570D7EE}.Debug|Any CPU.Build.0 = Debug|Any CPU
		{A37036A9-E7C3-4307-A12F-8C48D570D7EE}.Release|Any CPU.ActiveCfg = Release|Any CPU
		{A37036A9-E7C3-4307-A12F-8C48D570D7EE}.Release|Any CPU.Build.0 = Release|Any CPU
		{860CC30C-6483-40C9-8A8D-0F498743E334}.Debug|Any CPU.ActiveCfg = Debug|Any CPU
		{860CC30C-6483-40C9-8A8D-0F498743E334}.Debug|Any CPU.Build.0 = Debug|Any CPU
		{860CC30C-6483-40C9-8A8D-0F498743E334}.Release|Any CPU.ActiveCfg = Release|Any CPU
		{860CC30C-6483-40C9-8A8D-0F498743E334}.Release|Any CPU.Build.0 = Release|Any CPU
		{9FDD3027-32B8-4709-9139-F9FDEB937390}.Debug|Any CPU.ActiveCfg = Debug|Any CPU
		{9FDD3027-32B8-4709-9139-F9FDEB937390}.Debug|Any CPU.Build.0 = Debug|Any CPU
		{9FDD3027-32B8-4709-9139-F9FDEB937390}.Release|Any CPU.ActiveCfg = Release|Any CPU
		{9FDD3027-32B8-4709-9139-F9FDEB937390}.Release|Any CPU.Build.0 = Release|Any CPU
		{55237413-B161-480F-AF24-5F9D6D8C11C7}.Debug|Any CPU.ActiveCfg = Debug|Any CPU
		{55237413-B161-480F-AF24-5F9D6D8C11C7}.Debug|Any CPU.Build.0 = Debug|Any CPU
		{55237413-B161-480F-AF24-5F9D6D8C11C7}.Release|Any CPU.ActiveCfg = Release|Any CPU
		{55237413-B161-480F-AF24-5F9D6D8C11C7}.Release|Any CPU.Build.0 = Release|Any CPU
		{27679675-FAB2-41DC-813E-1D0D0A350848}.Debug|Any CPU.ActiveCfg = Debug|Any CPU
		{27679675-FAB2-41DC-813E-1D0D0A350848}.Debug|Any CPU.Build.0 = Debug|Any CPU
		{27679675-FAB2-41DC-813E-1D0D0A350848}.Release|Any CPU.ActiveCfg = Release|Any CPU
		{27679675-FAB2-41DC-813E-1D0D0A350848}.Release|Any CPU.Build.0 = Release|Any CPU
		{40952DCF-FB7E-4A4F-BF7C-A73E5DCF4136}.Debug|Any CPU.ActiveCfg = Debug|Any CPU
		{40952DCF-FB7E-4A4F-BF7C-A73E5DCF4136}.Debug|Any CPU.Build.0 = Debug|Any CPU
		{40952DCF-FB7E-4A4F-BF7C-A73E5DCF4136}.Release|Any CPU.ActiveCfg = Release|Any CPU
		{40952DCF-FB7E-4A4F-BF7C-A73E5DCF4136}.Release|Any CPU.Build.0 = Release|Any CPU
	EndGlobalSection
	GlobalSection(SolutionProperties) = preSolution
		HideSolutionNode = FALSE
	EndGlobalSection
	GlobalSection(NestedProjects) = preSolution
		{B8F7962B-6F76-B3DF-5FA5-D1D57DC6A247} = {8EA98267-E25E-44BA-8ADB-32A4B7A44850}
		{A37036A9-E7C3-4307-A12F-8C48D570D7EE} = {8EA98267-E25E-44BA-8ADB-32A4B7A44850}
		{9FDD3027-32B8-4709-9139-F9FDEB937390} = {39994B44-8121-4220-B760-166507BE3354}
		{55237413-B161-480F-AF24-5F9D6D8C11C7} = {39994B44-8121-4220-B760-166507BE3354}
		{27679675-FAB2-41DC-813E-1D0D0A350848} = {F86E9521-226A-4C7B-811D-155A8AF5B042}
	EndGlobalSection
	GlobalSection(ExtensibilityGlobals) = postSolution
		SolutionGuid = {27197F38-68B5-4F47-BA27-BE3ED5985B1F}
	EndGlobalSection
EndGlobal
